
Microsoft Visual Studio Solution File, Format Version 12.00
# Visual Studio Version 17
VisualStudioVersion = 17.2.32505.173
MinimumVisualStudioVersion = 10.0.40219.1
Project("{FAE04EC0-301F-11D3-BF4B-00C04F79EFBC}") = "WebApplication1", "WebApplication1\WebApplication1.csproj", "{22037922-7BC4-46ED-849F-DDA908CD3A9F}"
EndProject
Global
	GlobalSection(SolutionConfigurationPlatforms) = preSolution
		Debug|Any CPU = Debug|Any CPU
		Release|Any CPU = Release|Any CPU
	EndGlobalSection
	GlobalSection(ProjectConfigurationPlatforms) = postSolution
		{22037922-7BC4-46ED-849F-DDA908CD3A9F}.Debug|Any CPU.ActiveCfg = Debug|Any CPU
		{22037922-7BC4-46ED-849F-DDA908CD3A9F}.Debug|Any CPU.Build.0 = Debug|Any CPU
		{22037922-7BC4-46ED-849F-DDA908CD3A9F}.Release|Any CPU.ActiveCfg = Release|Any CPU
		{22037922-7BC4-46ED-849F-DDA908CD3A9F}.Release|Any CPU.Build.0 = Release|Any CPU
	EndGlobalSection
	GlobalSection(SolutionProperties) = preSolution
		HideSolutionNode = FALSE
	EndGlobalSection
	GlobalSection(ExtensibilityGlobals) = postSolution
		SolutionGuid = {9911D8B0-014D-4622-9D2F-4A02421CABF7}
	EndGlobalSection
EndGlobal
